
Microsoft Visual Studio Solution File, Format Version 12.00
# Visual Studio Version 17
VisualStudioVersion = 17.3.32901.215
MinimumVisualStudioVersion = 10.0.40219.1
Project("{FAE04EC0-301F-11D3-BF4B-00C04F79EFBC}") = "Task4", "Task4\Task4.csproj", "{4DE8F42B-D90A-4171-9100-7E8A52F0119A}"
EndProject
Global
	GlobalSection(SolutionConfigurationPlatforms) = preSolution
		Debug|Any CPU = Debug|Any CPU
		Release|Any CPU = Release|Any CPU
	EndGlobalSection
	GlobalSection(ProjectConfigurationPlatforms) = postSolution
		{4DE8F42B-D90A-4171-9100-7E8A52F0119A}.Debug|Any CPU.ActiveCfg = Debug|Any CPU
		{4DE8F42B-D90A-4171-9100-7E8A52F0119A}.Debug|Any CPU.Build.0 = Debug|Any CPU
		{4DE8F42B-D90A-4171-9100-7E8A52F0119A}.Release|Any CPU.ActiveCfg = Release|Any CPU
		{4DE8F42B-D90A-4171-9100-7E8A52F0119A}.Release|Any CPU.Build.0 = Release|Any CPU
	EndGlobalSection
	GlobalSection(SolutionProperties) = preSolution
		HideSolutionNode = FALSE
	EndGlobalSection
	GlobalSection(ExtensibilityGlobals) = postSolution
		SolutionGuid = {F9AAF7A4-DE65-491B-A115-6427822144C3}
	EndGlobalSection
EndGlobal
